
Microsoft Visual Studio Solution File, Format Version 12.00
# Visual Studio 2017
Project("{FAE04EC0-301F-11D3-BF4B-00C04F79EFBC}") = "Unity.ProBuilder", "Unity.ProBuilder.csproj", "{6E2AEC81-8B40-973A-8381-AA153A2DFB86}"
EndProject
Project("{FAE04EC0-301F-11D3-BF4B-00C04F79EFBC}") = "Unity.TextMeshPro", "Unity.TextMeshPro.csproj", "{07A21C90-D344-AE1A-8456-9910C203B41A}"
EndProject
Project("{FAE04EC0-301F-11D3-BF4B-00C04F79EFBC}") = "Unity.ProBuilder.Poly2Tri", "Unity.ProBuilder.Poly2Tri.csproj", "{C2040568-B8B1-C506-5297-5109C597CE5F}"
EndProject
Project("{FAE04EC0-301F-11D3-BF4B-00C04F79EFBC}") = "Unity.Analytics.DataPrivacy", "Unity.Analytics.DataPrivacy.csproj", "{D6E266C6-3D1F-28C8-9FEB-2A01E44DBF77}"
EndProject
Project("{FAE04EC0-301F-11D3-BF4B-00C04F79EFBC}") = "Unity.ProBuilder.KdTree", "Unity.ProBuilder.KdTree.csproj", "{3C96D0E2-F773-5E1F-6AD6-254290CC2294}"
EndProject
Project("{FAE04EC0-301F-11D3-BF4B-00C04F79EFBC}") = "Unity.ProBuilder.Csg", "Unity.ProBuilder.Csg.csproj", "{9FFAB022-72D9-7B2A-F652-3F35E484CF1E}"
EndProject
Project("{FAE04EC0-301F-11D3-BF4B-00C04F79EFBC}") = "Unity.ProBuilder.Stl", "Unity.ProBuilder.Stl.csproj", "{F61C0AEE-D3E8-BDF7-8C05-C195C0C27EE7}"
EndProject
Project("{FAE04EC0-301F-11D3-BF4B-00C04F79EFBC}") = "onigokko", "onigokko.csproj", "{D54DC307-FCB2-A67C-4A24-AF4965844ACC}"
EndProject
Project("{FAE04EC0-301F-11D3-BF4B-00C04F79EFBC}") = "Unity.ProBuilder.Editor", "Unity.ProBuilder.Editor.csproj", "{FAF27AC2-6327-295A-B809-B01BAAC648CC}"
EndProject
Project("{FAE04EC0-301F-11D3-BF4B-00C04F79EFBC}") = "Unity.TextMeshPro.Editor", "Unity.TextMeshPro.Editor.csproj", "{3A848AB7-9891-EDDA-D555-BF184C2F81F4}"
EndProject
Project("{FAE04EC0-301F-11D3-BF4B-00C04F79EFBC}") = "Unity.Settings.Editor", "Unity.Settings.Editor.csproj", "{62BE0A9F-569A-29C7-9F1B-2055AE73FF61}"
EndProject
Project("{FAE04EC0-301F-11D3-BF4B-00C04F79EFBC}") = "Unity.PackageManagerUI.Editor", "Unity.PackageManagerUI.Editor.csproj", "{6877705C-FBD9-0C4F-5AFB-6FB431E5D39D}"
EndProject
Project("{FAE04EC0-301F-11D3-BF4B-00C04F79EFBC}") = "Unity.CollabProxy.Editor", "Unity.CollabProxy.Editor.csproj", "{C12CEEC6-100C-58A2-DE36-314E4DE5E40B}"
EndProject
Project("{FAE04EC0-301F-11D3-BF4B-00C04F79EFBC}") = "Unity.ProBuilder.AssetIdRemapUtility", "Unity.ProBuilder.AssetIdRemapUtility.csproj", "{C5787DEC-881B-2C00-2475-6C021075DC12}"
EndProject
Project("{FAE04EC0-301F-11D3-BF4B-00C04F79EFBC}") = "onigokko.Editor", "onigokko.Editor.csproj", "{2FEEBE15-C9E4-4EE7-2413-46A2EC21BB83}"
EndProject
Project("{FAE04EC0-301F-11D3-BF4B-00C04F79EFBC}") = "Unity.ProBuilder.AddOns.Editor", "Unity.ProBuilder.AddOns.Editor.csproj", "{E8F6AEC7-C558-7A8C-1B77-5EF90B9AD9FD}"
EndProject
Global
	GlobalSection(SolutionConfigurationPlatforms) = preSolution
		Debug|Any CPU = Debug|Any CPU
		Release|Any CPU = Release|Any CPU
	EndGlobalSection
	GlobalSection(ProjectConfigurationPlatforms) = postSolution
		{6E2AEC81-8B40-973A-8381-AA153A2DFB86}.Debug|Any CPU.ActiveCfg = Debug|Any CPU
		{6E2AEC81-8B40-973A-8381-AA153A2DFB86}.Debug|Any CPU.Build.0 = Debug|Any CPU
		{6E2AEC81-8B40-973A-8381-AA153A2DFB86}.Release|Any CPU.ActiveCfg = Release|Any CPU
		{6E2AEC81-8B40-973A-8381-AA153A2DFB86}.Release|Any CPU.Build.0 = Release|Any CPU
		{07A21C90-D344-AE1A-8456-9910C203B41A}.Debug|Any CPU.ActiveCfg = Debug|Any CPU
		{07A21C90-D344-AE1A-8456-9910C203B41A}.Debug|Any CPU.Build.0 = Debug|Any CPU
		{07A21C90-D344-AE1A-8456-9910C203B41A}.Release|Any CPU.ActiveCfg = Release|Any CPU
		{07A21C90-D344-AE1A-8456-9910C203B41A}.Release|Any CPU.Build.0 = Release|Any CPU
		{C2040568-B8B1-C506-5297-5109C597CE5F}.Debug|Any CPU.ActiveCfg = Debug|Any CPU
		{C2040568-B8B1-C506-5297-5109C597CE5F}.Debug|Any CPU.Build.0 = Debug|Any CPU
		{C2040568-B8B1-C506-5297-5109C597CE5F}.Release|Any CPU.ActiveCfg = Release|Any CPU
		{C2040568-B8B1-C506-5297-5109C597CE5F}.Release|Any CPU.Build.0 = Release|Any CPU
		{D6E266C6-3D1F-28C8-9FEB-2A01E44DBF77}.Debug|Any CPU.ActiveCfg = Debug|Any CPU
		{D6E266C6-3D1F-28C8-9FEB-2A01E44DBF77}.Debug|Any CPU.Build.0 = Debug|Any CPU
		{D6E266C6-3D1F-28C8-9FEB-2A01E44DBF77}.Release|Any CPU.ActiveCfg = Release|Any CPU
		{D6E266C6-3D1F-28C8-9FEB-2A01E44DBF77}.Release|Any CPU.Build.0 = Release|Any CPU
		{3C96D0E2-F773-5E1F-6AD6-254290CC2294}.Debug|Any CPU.ActiveCfg = Debug|Any CPU
		{3C96D0E2-F773-5E1F-6AD6-254290CC2294}.Debug|Any CPU.Build.0 = Debug|Any CPU
		{3C96D0E2-F773-5E1F-6AD6-254290CC2294}.Release|Any CPU.ActiveCfg = Release|Any CPU
		{3C96D0E2-F773-5E1F-6AD6-254290CC2294}.Release|Any CPU.Build.0 = Release|Any CPU
		{9FFAB022-72D9-7B2A-F652-3F35E484CF1E}.Debug|Any CPU.ActiveCfg = Debug|Any CPU
		{9FFAB022-72D9-7B2A-F652-3F35E484CF1E}.Debug|Any CPU.Build.0 = Debug|Any CPU
		{9FFAB022-72D9-7B2A-F652-3F35E484CF1E}.Release|Any CPU.ActiveCfg = Release|Any CPU
		{9FFAB022-72D9-7B2A-F652-3F35E484CF1E}.Release|Any CPU.Build.0 = Release|Any CPU
		{F61C0AEE-D3E8-BDF7-8C05-C195C0C27EE7}.Debug|Any CPU.ActiveCfg = Debug|Any CPU
		{F61C0AEE-D3E8-BDF7-8C05-C195C0C27EE7}.Debug|Any CPU.Build.0 = Debug|Any CPU
		{F61C0AEE-D3E8-BDF7-8C05-C195C0C27EE7}.Release|Any CPU.ActiveCfg = Release|Any CPU
		{F61C0AEE-D3E8-BDF7-8C05-C195C0C27EE7}.Release|Any CPU.Build.0 = Release|Any CPU
		{D54DC307-FCB2-A67C-4A24-AF4965844ACC}.Debug|Any CPU.ActiveCfg = Debug|Any CPU
		{D54DC307-FCB2-A67C-4A24-AF4965844ACC}.Debug|Any CPU.Build.0 = Debug|Any CPU
		{D54DC307-FCB2-A67C-4A24-AF4965844ACC}.Release|Any CPU.ActiveCfg = Release|Any CPU
		{D54DC307-FCB2-A67C-4A24-AF4965844ACC}.Release|Any CPU.Build.0 = Release|Any CPU
		{FAF27AC2-6327-295A-B809-B01BAAC648CC}.Debug|Any CPU.ActiveCfg = Debug|Any CPU
		{FAF27AC2-6327-295A-B809-B01BAAC648CC}.Debug|Any CPU.Build.0 = Debug|Any CPU
		{FAF27AC2-6327-295A-B809-B01BAAC648CC}.Release|Any CPU.ActiveCfg = Release|Any CPU
		{FAF27AC2-6327-295A-B809-B01BAAC648CC}.Release|Any CPU.Build.0 = Release|Any CPU
		{3A848AB7-9891-EDDA-D555-BF184C2F81F4}.Debug|Any CPU.ActiveCfg = Debug|Any CPU
		{3A848AB7-9891-EDDA-D555-BF184C2F81F4}.Debug|Any CPU.Build.0 = Debug|Any CPU
		{3A848AB7-9891-EDDA-D555-BF184C2F81F4}.Release|Any CPU.ActiveCfg = Release|Any CPU
		{3A848AB7-9891-EDDA-D555-BF184C2F81F4}.Release|Any CPU.Build.0 = Release|Any CPU
		{62BE0A9F-569A-29C7-9F1B-2055AE73FF61}.Debug|Any CPU.ActiveCfg = Debug|Any CPU
		{62BE0A9F-569A-29C7-9F1B-2055AE73FF61}.Debug|Any CPU.Build.0 = Debug|Any CPU
		{62BE0A9F-569A-29C7-9F1B-2055AE73FF61}.Release|Any CPU.ActiveCfg = Release|Any CPU
		{62BE0A9F-569A-29C7-9F1B-2055AE73FF61}.Release|Any CPU.Build.0 = Release|Any CPU
		{6877705C-FBD9-0C4F-5AFB-6FB431E5D39D}.Debug|Any CPU.ActiveCfg = Debug|Any CPU
		{6877705C-FBD9-0C4F-5AFB-6FB431E5D39D}.Debug|Any CPU.Build.0 = Debug|Any CPU
		{6877705C-FBD9-0C4F-5AFB-6FB431E5D39D}.Release|Any CPU.ActiveCfg = Release|Any CPU
		{6877705C-FBD9-0C4F-5AFB-6FB431E5D39D}.Release|Any CPU.Build.0 = Release|Any CPU
		{C12CEEC6-100C-58A2-DE36-314E4DE5E40B}.Debug|Any CPU.ActiveCfg = Debug|Any CPU
		{C12CEEC6-100C-58A2-DE36-314E4DE5E40B}.Debug|Any CPU.Build.0 = Debug|Any CPU
		{C12CEEC6-100C-58A2-DE36-314E4DE5E40B}.Release|Any CPU.ActiveCfg = Release|Any CPU
		{C12CEEC6-100C-58A2-DE36-314E4DE5E40B}.Release|Any CPU.Build.0 = Release|Any CPU
		{C5787DEC-881B-2C00-2475-6C021075DC12}.Debug|Any CPU.ActiveCfg = Debug|Any CPU
		{C5787DEC-881B-2C00-2475-6C021075DC12}.Debug|Any CPU.Build.0 = Debug|Any CPU
		{C5787DEC-881B-2C00-2475-6C021075DC12}.Release|Any CPU.ActiveCfg = Release|Any CPU
		{C5787DEC-881B-2C00-2475-6C021075DC12}.Release|Any CPU.Build.0 = Release|Any CPU
		{2FEEBE15-C9E4-4EE7-2413-46A2EC21BB83}.Debug|Any CPU.ActiveCfg = Debug|Any CPU
		{2FEEBE15-C9E4-4EE7-2413-46A2EC21BB83}.Debug|Any CPU.Build.0 = Debug|Any CPU
		{2FEEBE15-C9E4-4EE7-2413-46A2EC21BB83}.Release|Any CPU.ActiveCfg = Release|Any CPU
		{2FEEBE15-C9E4-4EE7-2413-46A2EC21BB83}.Release|Any CPU.Build.0 = Release|Any CPU
		{E8F6AEC7-C558-7A8C-1B77-5EF90B9AD9FD}.Debug|Any CPU.ActiveCfg = Debug|Any CPU
		{E8F6AEC7-C558-7A8C-1B77-5EF90B9AD9FD}.Debug|Any CPU.Build.0 = Debug|Any CPU
		{E8F6AEC7-C558-7A8C-1B77-5EF90B9AD9FD}.Release|Any CPU.ActiveCfg = Release|Any CPU
		{E8F6AEC7-C558-7A8C-1B77-5EF90B9AD9FD}.Release|Any CPU.Build.0 = Release|Any CPU
	EndGlobalSection
	GlobalSection(SolutionProperties) = preSolution
		HideSolutionNode = FALSE
	EndGlobalSection
EndGlobal
